
Microsoft Visual Studio Solution File, Format Version 12.00
# Visual Studio Version 17
VisualStudioVersion = 17.5.33414.496
MinimumVisualStudioVersion = 10.0.40219.1
Project("{FAE04EC0-301F-11D3-BF4B-00C04F79EFBC}") = "Matrix2D", "Matrix2D\Matrix2D.csproj", "{B5A23B4C-4151-48A1-8CDD-14057FC4279A}"
EndProject
Global
	GlobalSection(SolutionConfigurationPlatforms) = preSolution
		Debug|Any CPU = Debug|Any CPU
		Release|Any CPU = Release|Any CPU
	EndGlobalSection
	GlobalSection(ProjectConfigurationPlatforms) = postSolution
		{B5A23B4C-4151-48A1-8CDD-14057FC4279A}.Debug|Any CPU.ActiveCfg = Debug|Any CPU
		{B5A23B4C-4151-48A1-8CDD-14057FC4279A}.Debug|Any CPU.Build.0 = Debug|Any CPU
		{B5A23B4C-4151-48A1-8CDD-14057FC4279A}.Release|Any CPU.ActiveCfg = Release|Any CPU
		{B5A23B4C-4151-48A1-8CDD-14057FC4279A}.Release|Any CPU.Build.0 = Release|Any CPU
	EndGlobalSection
	GlobalSection(SolutionProperties) = preSolution
		HideSolutionNode = FALSE
	EndGlobalSection
	GlobalSection(ExtensibilityGlobals) = postSolution
		SolutionGuid = {43FDC2A5-45A2-4F7D-8D20-8FAFE51C243D}
	EndGlobalSection
EndGlobal
